Microsoft Visual Studio Solution File, Format Version 12.00
# Visual Studio 2012
Project("{FAE04EC0-301F-11D3-BF4B-00C04F79EFBC}") = "AsteroidMiner", "AsteroidMiner.csproj", "{EBB72503-15CF-419A-984A-6A33C5EFB644}"
EndProject
Global
	GlobalSection(SolutionConfigurationPlatforms) = preSolution
	Debug|Any CPU = Debug|Any CPU
	ExportDebug|Any CPU = ExportDebug|Any CPU
	ExportRelease|Any CPU = ExportRelease|Any CPU
	EndGlobalSection
	GlobalSection(ProjectConfigurationPlatforms) = postSolution
		{EBB72503-15CF-419A-984A-6A33C5EFB644}.Debug|Any CPU.ActiveCfg = Debug|Any CPU
		{EBB72503-15CF-419A-984A-6A33C5EFB644}.Debug|Any CPU.Build.0 = Debug|Any CPU
		{EBB72503-15CF-419A-984A-6A33C5EFB644}.ExportDebug|Any CPU.ActiveCfg = ExportDebug|Any CPU
		{EBB72503-15CF-419A-984A-6A33C5EFB644}.ExportDebug|Any CPU.Build.0 = ExportDebug|Any CPU
		{EBB72503-15CF-419A-984A-6A33C5EFB644}.ExportRelease|Any CPU.ActiveCfg = ExportRelease|Any CPU
		{EBB72503-15CF-419A-984A-6A33C5EFB644}.ExportRelease|Any CPU.Build.0 = ExportRelease|Any CPU
	EndGlobalSection
EndGlobal
